// !$*UTF8*$!
{
	archiveVersion = 1;
	classes = {
	};
	objectVersion = 46;
	objects = {

/* Begin PBXBuildFile section */
		17506C7F1D0540F700E970A7 /* main.m in Sources */ = {isa = PBXBuildFile; fileRef = 17506C7E1D0540F700E970A7 /* main.m */; };
		17506C821D0540F700E970A7 /* AppDelegate.m in Sources */ = {isa = PBXBuildFile; fileRef = 17506C811D0540F700E970A7 /* AppDelegate.m */; };
		17506C851D0540F700E970A7 /* ViewController.m in Sources */ = {isa = PBXBuildFile; fileRef = 17506C841D0540F700E970A7 /* ViewController.m */; };
		17506C881D0540F700E970A7 /* Main.storyboard in Resources */ = {isa = PBXBuildFile; fileRef = 17506C861D0540F700E970A7 /* Main.storyboard */; };
		17506C8A1D0540F700E970A7 /* Assets.xcassets in Resources */ = {isa = PBXBuildFile; fileRef = 17506C891D0540F700E970A7 /* Assets.xcassets */; };
		17506C8D1D0540F700E970A7 /* LaunchScreen.storyboard in Resources */ = {isa = PBXBuildFile; fileRef = 17506C8B1D0540F700E970A7 /* LaunchScreen.storyboard */; };
/* End PBXBuildFile section */

/* Begin PBXFileReference section */
		17506C7A1D0540F700E970A7 /* loginTest登陆动图封装.app */ = {isa = PBXFileReference; explicitFileType = wrapper.application; includeInIndex = 0; path = "loginTest登陆动图封装.app"; sourceTree = BUILT_PRODUCTS_DIR; };
		17506C7E1D0540F700E970A7 /* main.m */ = {isa = PBXFileReference; lastKnownFileType = sourcecode.c.objc; path = main.m; sourceTree = "<group>"; };
		17506C801D0540F700E970A7 /* AppDelegate.h */ = {isa = PBXFileReference; lastKnownFileType = sourcecode.c.h; path = AppDelegate.h; sourceTree = "<group>"; };
		17506C811D0540F700E970A7 /* AppDelegate.m */ = {isa = PBXFileReference; lastKnownFileType = sourcecode.c.objc; path = AppDelegate.m; sourceTree = "<group>"; };
		17506C831D0540F700E970A7 /* ViewController.h */ = {isa = PBXFileReference; lastKnownFileType = sourcecode.c.h; path = ViewController.h; sourceTree = "<group>"; };
		17506C841D0540F700E970A7 /* ViewController.m */ = {isa = PBXFileReference; lastKnownFileType = sourcecode.c.objc; path = ViewController.m; sourceTree = "<group>"; };
		17506C871D0540F700E970A7 /* Base */ = {isa = PBXFileReference; lastKnownFileType = file.storyboard; name = Base; path = Base.lproj/Main.storyboard; sourceTree = "<group>"; };
		17506C891D0540F700E970A7 /* Assets.xcassets */ = {isa = PBXFileReference; lastKnownFileType = folder.assetcatalog; path = Assets.xcassets; sourceTree = "<group>"; };
		17506C8C1D0540F700E970A7 /* Base */ = {isa = PBXFileReference; lastKnownFileType = file.storyboard; name = Base; path = Base.lproj/LaunchScreen.storyboard; sourceTree = "<group>"; };
		17506C8E1D0540F700E970A7 /* Info.plist */ = {isa = PBXFileReference; lastKnownFileType = text.plist.xml; path = Info.plist; sourceTree = "<group>"; };
/* End PBXFileReference section */

/* Begin PBXFrameworksBuildPhase section */
		17506C771D0540F700E970A7 /* Frameworks */ = {
			isa = PBXFrameworksBuildPhase;
			buildActionMask = 2147483647;
			files = (
			);
			runOnlyForDeploymentPostprocessing = 0;
		};
/* End PBXFrameworksBuildPhase section */

/* Begin PBXGroup section */
		17506C711D0540F700E970A7 = {
			isa = PBXGroup;
			children = (
				17506C7C1D0540F700E970A7 /* loginTest登陆动图封装 */,
				17506C7B1D0540F700E970A7 /* Products */,
			);
			sourceTree = "<group>";
		};
		17506C7B1D0540F700E970A7 /* Products */ = {
			isa = PBXGroup;
			children = (
				17506C7A1D0540F700E970A7 /* loginTest登陆动图封装.app */,
			);
			name = Products;
			sourceTree = "<group>";
		};
		17506C7C1D0540F700E970A7 /* loginTest登陆动图封装 */ = {
			isa = PBXGroup;
			children = (
				17506C801D0540F700E970A7 /* AppDelegate.h */,
				17506C811D0540F700E970A7 /* AppDelegate.m */,
				17506C831D0540F700E970A7 /* ViewController.h */,
				17506C841D0540F700E970A7 /* ViewController.m */,
				17506C861D0540F700E970A7 /* Main.storyboard */,
				17506C891D0540F700E970A7 /* Assets.xcassets */,
				17506C8B1D0540F700E970A7 /* LaunchScreen.storyboard */,
				17506C8E1D0540F700E970A7 /* Info.plist */,
				17506C7D1D0540F700E970A7 /* Supporting Files */,
			);
			path = "loginTest登陆动图封装";
			sourceTree = "<group>";
		};
		17506C7D1D0540F700E970A7 /* Supporting Files */ = {
			isa = PBXGroup;
			children = (
				17506C7E1D0540F700E970A7 /* main.m */,
			);
			name = "Supporting Files";
			sourceTree = "<group>";
		};
/* End PBXGroup section */

/* Begin PBXNativeTarget section */
		17506C791D0540F700E970A7 /* loginTest登陆动图封装 */ = {
			isa = PBXNativeTarget;
			buildConfigurationList = 17506C911D0540F700E970A7 /* Build configuration list for PBXNativeTarget "loginTest登陆动图封装" */;
			buildPhases = (
				17506C761D0540F700E970A7 /* Sources */,
				17506C771D0540F700E970A7 /* Frameworks */,
				17506C781D0540F700E970A7 /* Resources */,
			);
			buildRules = (
			);
			dependencies = (
			);
			name = "loginTest登陆动图封装";
			productName = "loginTest登陆动图封装";
			productReference = 17506C7A1D0540F700E970A7 /* loginTest登陆动图封装.app */;
			productType = "com.apple.product-type.application";
		};
/* End PBXNativeTarget section */

/* Begin PBXProject section */
		17506C721D0540F700E970A7 /* Project object */ = {
			isa = PBXProject;
			attributes = {
				LastUpgradeCheck = 0730;
				ORGANIZATIONNAME = SH01;
				TargetAttributes = {
					17506C791D0540F700E970A7 = {
						CreatedOnToolsVersion = 7.3;
					};
				};
			};
			buildConfigurationList = 17506C751D0540F700E970A7 /* Build configuration list for PBXProject "loginTest登陆动图封装" */;
			compatibilityVersion = "Xcode 3.2";
			developmentRegion = English;
			hasScannedForEncodings = 0;
			knownRegions = (
				en,
				Base,
			);
			mainGroup = 17506C711D0540F700E970A7;
			productRefGroup = 17506C7B1D0540F700E970A7 /* Products */;
			projectDirPath = "";
			projectRoot = "";
			targets = (
				17506C791D0540F700E970A7 /* loginTest登陆动图封装 */,
			);
		};
/* End PBXProject section */

/* Begin PBXResourcesBuildPhase section */
		17506C781D0540F700E970A7 /* Resources */ = {
			isa = PBXResourcesBuildPhase;
			buildActionMask = 2147483647;
			files = (
				17506C8D1D0540F700E970A7 /* LaunchScreen.storyboard in Resources */,
				17506C8A1D0540F700E970A7 /* Assets.xcassets in Resources */,
				17506C881D0540F700E970A7 /* Main.storyboard in Resources */,
			);
			runOnlyForDeploymentPostprocessing = 0;
		};
/* End PBXResourcesBuildPhase section */

/* Begin PBXSourcesBuildPhase section */
		17506C761D0540F700E970A7 /* Sources */ = {
			isa = PBXSourcesBuildPhase;
			buildActionMask = 2147483647;
			files = (
				17506C851D0540F700E970A7 /* ViewController.m in Sources */,
				17506C821D0540F700E970A7 /* AppDelegate.m in Sources */,
				17506C7F1D0540F700E970A7 /* main.m in Sources */,
			);
			runOnlyForDeploymentPostprocessing = 0;
		};
/* End PBXSourcesBuildPhase section */

/* Begin PBXVariantGroup section */
		17506C861D0540F700E970A7 /* Main.storyboard */ = {
			isa = PBXVariantGroup;
			children = (
				17506C871D0540F700E970A7 /* Base */,
			);
			name = Main.storyboard;
			sourceTree = "<group>";
		};
		17506C8B1D0540F700E970A7 /* LaunchScreen.storyboard */ = {
			isa = PBXVariantGroup;
			children = (
				17506C8C1D0540F700E970A7 /* Base */,
			);
			name = LaunchScreen.storyboard;
			sourceTree = "<group>";
		};
/* End PBXVariantGroup section */

/* Begin XCBuildConfiguration section */
		17506C8F1D0540F700E970A7 /* Debug */ = {
			isa = XCBuildConfiguration;
			buildSettings = {
				ALWAYS_SEARCH_USER_PATHS = NO;
				CLANG_ANALYZER_NONNULL = YES;
				CLANG_CXX_LANGUAGE_STANDARD = "gnu++0x";
				CLANG_CXX_LIBRARY = "libc++";
				CLANG_ENABLE_MODULES = YES;
				CLANG_ENABLE_OBJC_ARC = YES;
				CLANG_WARN_BOOL_CONVERSION = YES;
				CLANG_WARN_CONSTANT_CONVERSION = YES;
				CLANG_WARN_DIRECT_OBJC_ISA_USAGE = YES_ERROR;
				CLANG_WARN_EMPTY_BODY = YES;
				CLANG_WARN_ENUM_CONVERSION = YES;
				CLANG_WARN_INT_CONVERSION = YES;
				CLANG_WARN_OBJC_ROOT_CLASS = YES_ERROR;
				CLANG_WARN_UNREACHABLE_CODE = YES;
				CLANG_WARN__DUPLICATE_METHOD_MATCH = YES;
				"CODE_SIGN_IDENTITY[sdk=iphoneos*]" = "iPhone Developer";
				COPY_PHASE_STRIP = NO;
				DEBUG_INFORMATION_FORMAT = dwarf;
				ENABLE_STRICT_OBJC_MSGSEND = YES;
				ENABLE_TESTABILITY = YES;
				GCC_C_LANGUAGE_STANDARD = gnu99;
				GCC_DYNAMIC_NO_PIC = NO;
				GCC_NO_COMMON_BLOCKS = YES;
				GCC_OPTIMIZATION_LEVEL = 0;
				GCC_PREPROCESSOR_DEFINITIONS = (
					"DEBUG=1",
					"$(inherited)",
				);
				GCC_WARN_64_TO_32_BIT_CONVERSION = YES;
				GCC_WARN_ABOUT_RETURN_TYPE = YES_ERROR;
				GCC_WARN_UNDECLARED_SELECTOR = YES;
				GCC_WARN_UNINITIALIZED_AUTOS = YES_AGGRESSIVE;
				GCC_WARN_UNUSED_FUNCTION = YES;
				GCC_WARN_UNUSED_VARIABLE = YES;
				IPHONEOS_DEPLOYMENT_TARGET = 9.3;
				MTL_ENABLE_DEBUG_INFO = YES;
				ONLY_ACTIVE_ARCH = YES;
				SDKROOT = iphoneos;
				TARGETED_DEVICE_FAMILY = "1,2";
			};
			name = Debug;
		};
		17506C901D0540F700E970A7 /* Release */ = {
			isa = XCBuildConfiguration;
			buildSettings = {
				ALWAYS_SEARCH_USER_PATHS = NO;
				CLANG_ANALYZER_NONNULL = YES;
				CLANG_CXX_LANGUAGE_STANDARD = "gnu++0x";
				CLANG_CXX_LIBRARY = "libc++";
				CLANG_ENABLE_MODULES = YES;
				CLANG_ENABLE_OBJC_ARC = YES;
				CLANG_WARN_BOOL_CONVERSION = YES;
				CLANG_WARN_CONSTANT_CONVERSION = YES;
				CLANG_WARN_DIRECT_OBJC_ISA_USAGE = YES_ERROR;
				CLANG_WARN_EMPTY_BODY = YES;
				CLANG_WARN_ENUM_CONVERSION = YES;
				CLANG_WARN_INT_CONVERSION = YES;
				CLANG_WARN_OBJC_ROOT_CLASS = YES_ERROR;
				CLANG_WARN_UNREACHABLE_CODE = YES;
				CLANG_WARN__DUPLICATE_METHOD_MATCH = YES;
				"CODE_SIGN_IDENTITY[sdk=iphoneos*]" = "iPhone Developer";
				COPY_PHASE_STRIP = NO;
				DEBUG_INFORMATION_FORMAT = "dwarf-with-dsym";
				ENABLE_NS_ASSERTIONS = NO;
				ENABLE_STRICT_OBJC_MSGSEND = YES;
				GCC_C_LANGUAGE_STANDARD = gnu99;
				GCC_NO_COMMON_BLOCKS = YES;
				GCC_WARN_64_TO_32_BIT_CONVERSION = YES;
				GCC_WARN_ABOUT_RETURN_TYPE = YES_ERROR;
				GCC_WARN_UNDECLARED_SELECTOR = YES;
				GCC_WARN_UNINITIALIZED_AUTOS = YES_AGGRESSIVE;
				GCC_WARN_UNUSED_FUNCTION = YES;
				GCC_WARN_UNUSED_VARIABLE = YES;
				IPHONEOS_DEPLOYMENT_TARGET = 9.3;
				MTL_ENABLE_DEBUG_INFO = NO;
				SDKROOT = iphoneos;
				TARGETED_DEVICE_FAMILY = "1,2";
				VALIDATE_PRODUCT = YES;
			};
			name = Release;
		};
		17506C921D0540F700E970A7 /* Debug */ = {
			isa = XCBuildConfiguration;
			buildSettings = {
				ASSETCATALOG_COMPILER_APPICON_NAME = AppIcon;
				INFOPLIST_FILE = "loginTest登陆动图封装/Info.plist";
				LD_RUNPATH_SEARCH_PATHS = "$(inherited) @executable_path/Frameworks";
				PRODUCT_BUNDLE_IDENTIFIER = "---come.shenghong.loginTest------";
				PRODUCT_NAME = "$(TARGET_NAME)";
			};
			name = Debug;
		};
		17506C931D0540F700E970A7 /* Release */ = {
			isa = XCBuildConfiguration;
			buildSettings = {
				ASSETCATALOG_COMPILER_APPICON_NAME = AppIcon;
				INFOPLIST_FILE = "loginTest登陆动图封装/Info.plist";
				LD_RUNPATH_SEARCH_PATHS = "$(inherited) @executable_path/Frameworks";
				PRODUCT_BUNDLE_IDENTIFIER = "---come.shenghong.loginTest------";
				PRODUCT_NAME = "$(TARGET_NAME)";
			};
			name = Release;
		};
/* End XCBuildConfiguration section */

/* Begin XCConfigurationList section */
		17506C751D0540F700E970A7 /* Build configuration list for PBXProject "loginTest登陆动图封装" */ = {
			isa = XCConfigurationList;
			buildConfigurations = (
				17506C8F1D0540F700E970A7 /* Debug */,
				17506C901D0540F700E970A7 /* Release */,
			);
			defaultConfigurationIsVisible = 0;
			defaultConfigurationName = Release;
		};
		17506C911D0540F700E970A7 /* Build configuration list for PBXNativeTarget "loginTest登陆动图封装" */ = {
			isa = XCConfigurationList;
			buildConfigurations = (
				17506C921D0540F700E970A7 /* Debug */,
				17506C931D0540F700E970A7 /* Release */,
			);
			defaultConfigurationIsVisible = 0;
		};
/* End XCConfigurationList section */
	};
	rootObject = 17506C721D0540F700E970A7 /* Project object */;
}
